
Microsoft Visual Studio Solution File, Format Version 12.00
# Visual Studio Version 16
VisualStudioVersion = 16.0.31229.75
MinimumVisualStudioVersion = 10.0.40219.1
Project("{9A19103F-16F7-4668-BE54-9A1E7A4F7556}") = "MyCvProject.UI", "MyCvProject.UI\MyCvProject.UI.csproj", "{2DF1AFD7-BB43-437F-B60A-BEB070A76A81}"
EndProject
Project("{9A19103F-16F7-4668-BE54-9A1E7A4F7556}") = "MyCvProject.Core", "MyCvProject.Core\MyCvProject.Core.csproj", "{8D09C31A-1BAC-4E98-A868-95034E08EC05}"
EndProject
Project("{9A19103F-16F7-4668-BE54-9A1E7A4F7556}") = "MyCvProject.Domain", "MyCvProject.Domain\MyCvProject.Domain.csproj", "{23982CEE-8BA6-4617-8F03-EC85C6DBF566}"
EndProject
Project("{9A19103F-16F7-4668-BE54-9A1E7A4F7556}") = "MyCvProject.Infra.Data", "MyCvProject.Infra.Data\MyCvProject.Infra.Data.csproj", "{E5BEC137-D389-414E-BD96-F082AD1FB9ED}"
EndProject
Project("{9A19103F-16F7-4668-BE54-9A1E7A4F7556}") = "MyCvProject.Infra.IoC", "MyCvProject.Infra.IoC\MyCvProject.Infra.IoC.csproj", "{3FF16922-2C73-484D-A61D-7E85FFB52BB7}"
EndProject
Project("{9A19103F-16F7-4668-BE54-9A1E7A4F7556}") = "MyCvProject.Api", "MyCvProject.Api\MyCvProject.Api.csproj", "{50ACE13E-AF45-4268-851B-50AD2F58A0F4}"
EndProject
Project("{FAE04EC0-301F-11D3-BF4B-00C04F79EFBC}") = "MyCvProject.Tests", "MyCvProject.Tests\MyCvProject.Tests.csproj", "{72954DF7-0CF2-4ED7-957C-EB757032DCC4}"
EndProject
Global
	GlobalSection(SolutionConfigurationPlatforms) = preSolution
		Debug|Any CPU = Debug|Any CPU
		Release|Any CPU = Release|Any CPU
	EndGlobalSection
	GlobalSection(ProjectConfigurationPlatforms) = postSolution
		{2DF1AFD7-BB43-437F-B60A-BEB070A76A81}.Debug|Any CPU.ActiveCfg = Debug|Any CPU
		{2DF1AFD7-BB43-437F-B60A-BEB070A76A81}.Debug|Any CPU.Build.0 = Debug|Any CPU
		{2DF1AFD7-BB43-437F-B60A-BEB070A76A81}.Release|Any CPU.ActiveCfg = Release|Any CPU
		{2DF1AFD7-BB43-437F-B60A-BEB070A76A81}.Release|Any CPU.Build.0 = Release|Any CPU
		{8D09C31A-1BAC-4E98-A868-95034E08EC05}.Debug|Any CPU.ActiveCfg = Debug|Any CPU
		{8D09C31A-1BAC-4E98-A868-95034E08EC05}.Debug|Any CPU.Build.0 = Debug|Any CPU
		{8D09C31A-1BAC-4E98-A868-95034E08EC05}.Release|Any CPU.ActiveCfg = Release|Any CPU
		{8D09C31A-1BAC-4E98-A868-95034E08EC05}.Release|Any CPU.Build.0 = Release|Any CPU
		{23982CEE-8BA6-4617-8F03-EC85C6DBF566}.Debug|Any CPU.ActiveCfg = Debug|Any CPU
		{23982CEE-8BA6-4617-8F03-EC85C6DBF566}.Debug|Any CPU.Build.0 = Debug|Any CPU
		{23982CEE-8BA6-4617-8F03-EC85C6DBF566}.Release|Any CPU.ActiveCfg = Release|Any CPU
		{23982CEE-8BA6-4617-8F03-EC85C6DBF566}.Release|Any CPU.Build.0 = Release|Any CPU
		{E5BEC137-D389-414E-BD96-F082AD1FB9ED}.Debug|Any CPU.ActiveCfg = Debug|Any CPU
		{E5BEC137-D389-414E-BD96-F082AD1FB9ED}.Debug|Any CPU.Build.0 = Debug|Any CPU
		{E5BEC137-D389-414E-BD96-F082AD1FB9ED}.Release|Any CPU.ActiveCfg = Release|Any CPU
		{E5BEC137-D389-414E-BD96-F082AD1FB9ED}.Release|Any CPU.Build.0 = Release|Any CPU
		{3FF16922-2C73-484D-A61D-7E85FFB52BB7}.Debug|Any CPU.ActiveCfg = Debug|Any CPU
		{3FF16922-2C73-484D-A61D-7E85FFB52BB7}.Debug|Any CPU.Build.0 = Debug|Any CPU
		{3FF16922-2C73-484D-A61D-7E85FFB52BB7}.Release|Any CPU.ActiveCfg = Release|Any CPU
		{3FF16922-2C73-484D-A61D-7E85FFB52BB7}.Release|Any CPU.Build.0 = Release|Any CPU
		{50ACE13E-AF45-4268-851B-50AD2F58A0F4}.Debug|Any CPU.ActiveCfg = Debug|Any CPU
		{50ACE13E-AF45-4268-851B-50AD2F58A0F4}.Debug|Any CPU.Build.0 = Debug|Any CPU
		{50ACE13E-AF45-4268-851B-50AD2F58A0F4}.Release|Any CPU.ActiveCfg = Release|Any CPU
		{50ACE13E-AF45-4268-851B-50AD2F58A0F4}.Release|Any CPU.Build.0 = Release|Any CPU
		{72954DF7-0CF2-4ED7-957C-EB757032DCC4}.Debug|Any CPU.ActiveCfg = Debug|Any CPU
		{72954DF7-0CF2-4ED7-957C-EB757032DCC4}.Debug|Any CPU.Build.0 = Debug|Any CPU
		{72954DF7-0CF2-4ED7-957C-EB757032DCC4}.Release|Any CPU.ActiveCfg = Release|Any CPU
		{72954DF7-0CF2-4ED7-957C-EB757032DCC4}.Release|Any CPU.Build.0 = Release|Any CPU
	EndGlobalSection
	GlobalSection(SolutionProperties) = preSolution
		HideSolutionNode = FALSE
	EndGlobalSection
	GlobalSection(ExtensibilityGlobals) = postSolution
		SolutionGuid = {7688F92E-DA08-433A-879E-54A4295B47B8}
	EndGlobalSection
EndGlobal
